// !$*UTF8*$!
{
	archiveVersion = 1;
	classes = {
	};
	objectVersion = 56;
	objects = {

/* Begin PBXBuildFile section */
		CE4A481B2AF12B84001CD19A /* AppDelegate.swift in Sources */ = {isa = PBXBuildFile; fileRef = CE4A481A2AF12B84001CD19A /* AppDelegate.swift */; };
		CE4A481D2AF12B84001CD19A /* SceneDelegate.swift in Sources */ = {isa = PBXBuildFile; fileRef = CE4A481C2AF12B84001CD19A /* SceneDelegate.swift */; };
		CE4A481F2AF12B84001CD19A /* MainTabBarViewController.swift in Sources */ = {isa = PBXBuildFile; fileRef = CE4A481E2AF12B84001CD19A /* MainTabBarViewController.swift */; };
		CE4A48242AF12B87001CD19A /* Assets.xcassets in Resources */ = {isa = PBXBuildFile; fileRef = CE4A48232AF12B87001CD19A /* Assets.xcassets */; };
		CE4A48272AF12B87001CD19A /* LaunchScreen.storyboard in Resources */ = {isa = PBXBuildFile; fileRef = CE4A48252AF12B87001CD19A /* LaunchScreen.storyboard */; };
		CE4A48302AF144F7001CD19A /* HomeViewController.swift in Sources */ = {isa = PBXBuildFile; fileRef = CE4A482F2AF144F7001CD19A /* HomeViewController.swift */; };
		CE4A48322AF14554001CD19A /* UpcomingViewController.swift in Sources */ = {isa = PBXBuildFile; fileRef = CE4A48312AF14554001CD19A /* UpcomingViewController.swift */; };
		CE4A48342AF14579001CD19A /* SearchViewController.swift in Sources */ = {isa = PBXBuildFile; fileRef = CE4A48332AF14579001CD19A /* SearchViewController.swift */; };
		CE4A48362AF1459D001CD19A /* DownloadsViewController.swift in Sources */ = {isa = PBXBuildFile; fileRef = CE4A48352AF1459D001CD19A /* DownloadsViewController.swift */; };
		CE4A48402AF3C09D001CD19A /* CollectionViewTableViewCell.swift in Sources */ = {isa = PBXBuildFile; fileRef = CE4A483F2AF3C09D001CD19A /* CollectionViewTableViewCell.swift */; };
		CE4A48422AF3D265001CD19A /* HeroHeaderUIView.swift in Sources */ = {isa = PBXBuildFile; fileRef = CE4A48412AF3D264001CD19A /* HeroHeaderUIView.swift */; };
		CE592F272B00A3E1009EF9A0 /* SearchResultsViewController.swift in Sources */ = {isa = PBXBuildFile; fileRef = CE592F262B00A3E1009EF9A0 /* SearchResultsViewController.swift */; };
		CE592F2B2B03C52C009EF9A0 /* YoutubeSearchResponse.swift in Sources */ = {isa = PBXBuildFile; fileRef = CE592F2A2B03C52C009EF9A0 /* YoutubeSearchResponse.swift */; };
		CE7E72C82AF64FF600FA3D0D /* APICaller.swift in Sources */ = {isa = PBXBuildFile; fileRef = CE7E72C72AF64FF600FA3D0D /* APICaller.swift */; };
		CE7E72CA2AF6D4EC00FA3D0D /* Title.swift in Sources */ = {isa = PBXBuildFile; fileRef = CE7E72C92AF6D4EB00FA3D0D /* Title.swift */; };
		CE7E72CC2AF6DAF000FA3D0D /* Extensions.swift in Sources */ = {isa = PBXBuildFile; fileRef = CE7E72CB2AF6DAF000FA3D0D /* Extensions.swift */; };
		CE9A057E2AF7956800EB1278 /* TitleCollectionViewCell.swift in Sources */ = {isa = PBXBuildFile; fileRef = CE9A057D2AF7956800EB1278 /* TitleCollectionViewCell.swift */; };
		CE9A05812AF8F92100EB1278 /* SDWebImage in Frameworks */ = {isa = PBXBuildFile; productRef = CE9A05802AF8F92100EB1278 /* SDWebImage */; };
		CE9A05832AF8F92100EB1278 /* SDWebImageMapKit in Frameworks */ = {isa = PBXBuildFile; productRef = CE9A05822AF8F92100EB1278 /* SDWebImageMapKit */; };
		CE9A05852AFDE2F600EB1278 /* TitleTableViewCell.swift in Sources */ = {isa = PBXBuildFile; fileRef = CE9A05842AFDE2F600EB1278 /* TitleTableViewCell.swift */; };
		CE9A05872AFEA68500EB1278 /* TitleViewModel.swift in Sources */ = {isa = PBXBuildFile; fileRef = CE9A05862AFEA68500EB1278 /* TitleViewModel.swift */; };
		CEA6375D2B0CE53700CF3ADD /* API_KEYS.swift in Sources */ = {isa = PBXBuildFile; fileRef = CEA6375C2B0CE53700CF3ADD /* API_KEYS.swift */; };
/* End PBXBuildFile section */

/* Begin PBXFileReference section */
		CE4A48172AF12B84001CD19A /* Netflix clone.app */ = {isa = PBXFileReference; explicitFileType = wrapper.application; includeInIndex = 0; path = "Netflix clone.app"; sourceTree = BUILT_PRODUCTS_DIR; };
		CE4A481A2AF12B84001CD19A /* AppDelegate.swift */ = {isa = PBXFileReference; lastKnownFileType = sourcecode.swift; path = AppDelegate.swift; sourceTree = "<group>"; };
		CE4A481C2AF12B84001CD19A /* SceneDelegate.swift */ = {isa = PBXFileReference; lastKnownFileType = sourcecode.swift; path = SceneDelegate.swift; sourceTree = "<group>"; };
		CE4A481E2AF12B84001CD19A /* MainTabBarViewController.swift */ = {isa = PBXFileReference; lastKnownFileType = sourcecode.swift; path = MainTabBarViewController.swift; sourceTree = "<group>"; };
		CE4A48232AF12B87001CD19A /* Assets.xcassets */ = {isa = PBXFileReference; lastKnownFileType = folder.assetcatalog; path = Assets.xcassets; sourceTree = "<group>"; };
		CE4A48262AF12B87001CD19A /* Base */ = {isa = PBXFileReference; lastKnownFileType = file.storyboard; name = Base; path = Base.lproj/LaunchScreen.storyboard; sourceTree = "<group>"; };
		CE4A48282AF12B87001CD19A /* Info.plist */ = {isa = PBXFileReference; lastKnownFileType = text.plist.xml; path = Info.plist; sourceTree = "<group>"; };
		CE4A482F2AF144F7001CD19A /* HomeViewController.swift */ = {isa = PBXFileReference; lastKnownFileType = sourcecode.swift; path = HomeViewController.swift; sourceTree = "<group>"; };
		CE4A48312AF14554001CD19A /* UpcomingViewController.swift */ = {isa = PBXFileReference; lastKnownFileType = sourcecode.swift; path = UpcomingViewController.swift; sourceTree = "<group>"; };
		CE4A48332AF14579001CD19A /* SearchViewController.swift */ = {isa = PBXFileReference; lastKnownFileType = sourcecode.swift; path = SearchViewController.swift; sourceTree = "<group>"; };
		CE4A48352AF1459D001CD19A /* DownloadsViewController.swift */ = {isa = PBXFileReference; lastKnownFileType = sourcecode.swift; path = DownloadsViewController.swift; sourceTree = "<group>"; };
		CE4A483F2AF3C09D001CD19A /* CollectionViewTableViewCell.swift */ = {isa = PBXFileReference; lastKnownFileType = sourcecode.swift; path = CollectionViewTableViewCell.swift; sourceTree = "<group>"; };
		CE4A48412AF3D264001CD19A /* HeroHeaderUIView.swift */ = {isa = PBXFileReference; lastKnownFileType = sourcecode.swift; path = HeroHeaderUIView.swift; sourceTree = "<group>"; };
		CE592F262B00A3E1009EF9A0 /* SearchResultsViewController.swift */ = {isa = PBXFileReference; lastKnownFileType = sourcecode.swift; path = SearchResultsViewController.swift; sourceTree = "<group>"; };
		CE592F2A2B03C52C009EF9A0 /* YoutubeSearchResponse.swift */ = {isa = PBXFileReference; lastKnownFileType = sourcecode.swift; path = YoutubeSearchResponse.swift; sourceTree = "<group>"; };
		CE7E72C72AF64FF600FA3D0D /* APICaller.swift */ = {isa = PBXFileReference; lastKnownFileType = sourcecode.swift; path = APICaller.swift; sourceTree = "<group>"; };
		CE7E72C92AF6D4EB00FA3D0D /* Title.swift */ = {isa = PBXFileReference; lastKnownFileType = sourcecode.swift; path = Title.swift; sourceTree = "<group>"; };
		CE7E72CB2AF6DAF000FA3D0D /* Extensions.swift */ = {isa = PBXFileReference; lastKnownFileType = sourcecode.swift; path = Extensions.swift; sourceTree = "<group>"; };
		CE9A057D2AF7956800EB1278 /* TitleCollectionViewCell.swift */ = {isa = PBXFileReference; lastKnownFileType = sourcecode.swift; path = TitleCollectionViewCell.swift; sourceTree = "<group>"; };
		CE9A05842AFDE2F600EB1278 /* TitleTableViewCell.swift */ = {isa = PBXFileReference; lastKnownFileType = sourcecode.swift; path = TitleTableViewCell.swift; sourceTree = "<group>"; };
		CE9A05862AFEA68500EB1278 /* TitleViewModel.swift */ = {isa = PBXFileReference; lastKnownFileType = sourcecode.swift; path = TitleViewModel.swift; sourceTree = "<group>"; };
		CEA6375B2B0CD06400CF3ADD /* API_Keys.xcconfig */ = {isa = PBXFileReference; lastKnownFileType = text.xcconfig; path = API_Keys.xcconfig; sourceTree = "<group>"; };
		CEA6375C2B0CE53700CF3ADD /* API_KEYS.swift */ = {isa = PBXFileReference; lastKnownFileType = sourcecode.swift; path = API_KEYS.swift; sourceTree = "<group>"; };
/* End PBXFileReference section */

/* Begin PBXFrameworksBuildPhase section */
		CE4A48142AF12B84001CD19A /* Frameworks */ = {
			isa = PBXFrameworksBuildPhase;
			buildActionMask = 2147483647;
			files = (
				CE9A05832AF8F92100EB1278 /* SDWebImageMapKit in Frameworks */,
				CE9A05812AF8F92100EB1278 /* SDWebImage in Frameworks */,
			);
			runOnlyForDeploymentPostprocessing = 0;
		};
/* End PBXFrameworksBuildPhase section */

/* Begin PBXGroup section */
		CE4A480E2AF12B84001CD19A = {
			isa = PBXGroup;
			children = (
				CE4A48192AF12B84001CD19A /* Netflix clone */,
				CE4A48182AF12B84001CD19A /* Products */,
			);
			sourceTree = "<group>";
		};
		CE4A48182AF12B84001CD19A /* Products */ = {
			isa = PBXGroup;
			children = (
				CE4A48172AF12B84001CD19A /* Netflix clone.app */,
			);
			name = Products;
			sourceTree = "<group>";
		};
		CE4A48192AF12B84001CD19A /* Netflix clone */ = {
			isa = PBXGroup;
			children = (
				CEA6375A2B0CCFC700CF3ADD /* SecureAPI_Keys */,
				CE4A483E2AF3BFF1001CD19A /* Managers */,
				CE4A483D2AF3BFDC001CD19A /* Resources */,
				CE4A483C2AF3BFB6001CD19A /* ViewModels */,
				CE4A483B2AF3BFAB001CD19A /* Views */,
				CE4A483A2AF3BFA1001CD19A /* Models */,
				CE4A482E2AF136E3001CD19A /* Controllers */,
				CE4A481A2AF12B84001CD19A /* AppDelegate.swift */,
				CE4A481C2AF12B84001CD19A /* SceneDelegate.swift */,
				CE4A481E2AF12B84001CD19A /* MainTabBarViewController.swift */,
				CE4A48232AF12B87001CD19A /* Assets.xcassets */,
				CE4A48252AF12B87001CD19A /* LaunchScreen.storyboard */,
				CE4A48282AF12B87001CD19A /* Info.plist */,
			);
			path = "Netflix clone";
			sourceTree = "<group>";
		};
		CE4A482E2AF136E3001CD19A /* Controllers */ = {
			isa = PBXGroup;
			children = (
				CE592F292B00A454009EF9A0 /* General */,
				CE592F282B00A426009EF9A0 /* Core */,
			);
			path = Controllers;
			sourceTree = "<group>";
		};
		CE4A483A2AF3BFA1001CD19A /* Models */ = {
			isa = PBXGroup;
			children = (
				CE7E72C92AF6D4EB00FA3D0D /* Title.swift */,
				CE592F2A2B03C52C009EF9A0 /* YoutubeSearchResponse.swift */,
			);
			path = Models;
			sourceTree = "<group>";
		};
		CE4A483B2AF3BFAB001CD19A /* Views */ = {
			isa = PBXGroup;
			children = (
				CE4A483F2AF3C09D001CD19A /* CollectionViewTableViewCell.swift */,
				CE4A48412AF3D264001CD19A /* HeroHeaderUIView.swift */,
				CE9A057D2AF7956800EB1278 /* TitleCollectionViewCell.swift */,
				CE9A05842AFDE2F600EB1278 /* TitleTableViewCell.swift */,
			);
			path = Views;
			sourceTree = "<group>";
		};
		CE4A483C2AF3BFB6001CD19A /* ViewModels */ = {
			isa = PBXGroup;
			children = (
				CE9A05862AFEA68500EB1278 /* TitleViewModel.swift */,
			);
			path = ViewModels;
			sourceTree = "<group>";
		};
		CE4A483D2AF3BFDC001CD19A /* Resources */ = {
			isa = PBXGroup;
			children = (
				CE7E72CB2AF6DAF000FA3D0D /* Extensions.swift */,
			);
			path = Resources;
			sourceTree = "<group>";
		};
		CE4A483E2AF3BFF1001CD19A /* Managers */ = {
			isa = PBXGroup;
			children = (
				CE7E72C72AF64FF600FA3D0D /* APICaller.swift */,
				CEA6375C2B0CE53700CF3ADD /* API_KEYS.swift */,
			);
			path = Managers;
			sourceTree = "<group>";
		};
		CE592F282B00A426009EF9A0 /* Core */ = {
			isa = PBXGroup;
			children = (
				CE4A48332AF14579001CD19A /* SearchViewController.swift */,
				CE4A48312AF14554001CD19A /* UpcomingViewController.swift */,
				CE4A48352AF1459D001CD19A /* DownloadsViewController.swift */,
				CE4A482F2AF144F7001CD19A /* HomeViewController.swift */,
			);
			path = Core;
			sourceTree = "<group>";
		};
		CE592F292B00A454009EF9A0 /* General */ = {
			isa = PBXGroup;
			children = (
				CE592F262B00A3E1009EF9A0 /* SearchResultsViewController.swift */,
			);
			path = General;
			sourceTree = "<group>";
		};
		CEA6375A2B0CCFC700CF3ADD /* SecureAPI_Keys */ = {
			isa = PBXGroup;
			children = (
				CEA6375B2B0CD06400CF3ADD /* API_Keys.xcconfig */,
			);
			path = SecureAPI_Keys;
			sourceTree = "<group>";
		};
/* End PBXGroup section */

/* Begin PBXNativeTarget section */
		CE4A48162AF12B84001CD19A /* Netflix clone */ = {
			isa = PBXNativeTarget;
			buildConfigurationList = CE4A482B2AF12B87001CD19A /* Build configuration list for PBXNativeTarget "Netflix clone" */;
			buildPhases = (
				CE4A48132AF12B84001CD19A /* Sources */,
				CE4A48142AF12B84001CD19A /* Frameworks */,
				CE4A48152AF12B84001CD19A /* Resources */,
			);
			buildRules = (
			);
			dependencies = (
			);
			name = "Netflix clone";
			packageProductDependencies = (
				CE9A05802AF8F92100EB1278 /* SDWebImage */,
				CE9A05822AF8F92100EB1278 /* SDWebImageMapKit */,
			);
			productName = "Netflix clone";
			productReference = CE4A48172AF12B84001CD19A /* Netflix clone.app */;
			productType = "com.apple.product-type.application";
		};
/* End PBXNativeTarget section */

/* Begin PBXProject section */
		CE4A480F2AF12B84001CD19A /* Project object */ = {
			isa = PBXProject;
			attributes = {
				BuildIndependentTargetsInParallel = 1;
				LastSwiftUpdateCheck = 1500;
				LastUpgradeCheck = 1500;
				TargetAttributes = {
					CE4A48162AF12B84001CD19A = {
						CreatedOnToolsVersion = 15.0;
					};
				};
			};
			buildConfigurationList = CE4A48122AF12B84001CD19A /* Build configuration list for PBXProject "Netflix clone" */;
			compatibilityVersion = "Xcode 14.0";
			developmentRegion = en;
			hasScannedForEncodings = 0;
			knownRegions = (
				en,
				Base,
			);
			mainGroup = CE4A480E2AF12B84001CD19A;
			packageReferences = (
				CE9A057F2AF8F92100EB1278 /* XCRemoteSwiftPackageReference "SDWebImage" */,
			);
			productRefGroup = CE4A48182AF12B84001CD19A /* Products */;
			projectDirPath = "";
			projectRoot = "";
			targets = (
				CE4A48162AF12B84001CD19A /* Netflix clone */,
			);
		};
/* End PBXProject section */

/* Begin PBXResourcesBuildPhase section */
		CE4A48152AF12B84001CD19A /* Resources */ = {
			isa = PBXResourcesBuildPhase;
			buildActionMask = 2147483647;
			files = (
				CE4A48272AF12B87001CD19A /* LaunchScreen.storyboard in Resources */,
				CE4A48242AF12B87001CD19A /* Assets.xcassets in Resources */,
			);
			runOnlyForDeploymentPostprocessing = 0;
		};
/* End PBXResourcesBuildPhase section */

/* Begin PBXSourcesBuildPhase section */
		CE4A48132AF12B84001CD19A /* Sources */ = {
			isa = PBXSourcesBuildPhase;
			buildActionMask = 2147483647;
			files = (
				CE9A05852AFDE2F600EB1278 /* TitleTableViewCell.swift in Sources */,
				CE4A48342AF14579001CD19A /* SearchViewController.swift in Sources */,
				CE9A057E2AF7956800EB1278 /* TitleCollectionViewCell.swift in Sources */,
				CE4A481F2AF12B84001CD19A /* MainTabBarViewController.swift in Sources */,
				CE4A48402AF3C09D001CD19A /* CollectionViewTableViewCell.swift in Sources */,
				CE7E72C82AF64FF600FA3D0D /* APICaller.swift in Sources */,
				CE4A48422AF3D265001CD19A /* HeroHeaderUIView.swift in Sources */,
				CE4A48362AF1459D001CD19A /* DownloadsViewController.swift in Sources */,
				CEA6375D2B0CE53700CF3ADD /* API_KEYS.swift in Sources */,
				CE4A481B2AF12B84001CD19A /* AppDelegate.swift in Sources */,
				CE592F272B00A3E1009EF9A0 /* SearchResultsViewController.swift in Sources */,
				CE7E72CC2AF6DAF000FA3D0D /* Extensions.swift in Sources */,
				CE592F2B2B03C52C009EF9A0 /* YoutubeSearchResponse.swift in Sources */,
				CE4A481D2AF12B84001CD19A /* SceneDelegate.swift in Sources */,
				CE4A48322AF14554001CD19A /* UpcomingViewController.swift in Sources */,
				CE7E72CA2AF6D4EC00FA3D0D /* Title.swift in Sources */,
				CE4A48302AF144F7001CD19A /* HomeViewController.swift in Sources */,
				CE9A05872AFEA68500EB1278 /* TitleViewModel.swift in Sources */,
			);
			runOnlyForDeploymentPostprocessing = 0;
		};
/* End PBXSourcesBuildPhase section */

/* Begin PBXVariantGroup section */
		CE4A48252AF12B87001CD19A /* LaunchScreen.storyboard */ = {
			isa = PBXVariantGroup;
			children = (
				CE4A48262AF12B87001CD19A /* Base */,
			);
			name = LaunchScreen.storyboard;
			sourceTree = "<group>";
		};
/* End PBXVariantGroup section */

/* Begin XCBuildConfiguration section */
		CE4A48292AF12B87001CD19A /* Debug */ = {
			isa = XCBuildConfiguration;
			buildSettings = {
				ALWAYS_SEARCH_USER_PATHS = NO;
				ASSETCATALOG_COMPILER_GENERATE_SWIFT_ASSET_SYMBOL_EXTENSIONS = YES;
				CLANG_ANALYZER_NONNULL = YES;
				CLANG_ANALYZER_NUMBER_OBJECT_CONVERSION = YES_AGGRESSIVE;
				CLANG_CXX_LANGUAGE_STANDARD = "gnu++20";
				CLANG_ENABLE_MODULES = YES;
				CLANG_ENABLE_OBJC_ARC = YES;
				CLANG_ENABLE_OBJC_WEAK = YES;
				CLANG_WARN_BLOCK_CAPTURE_AUTORELEASING = YES;
				CLANG_WARN_BOOL_CONVERSION = YES;
				CLANG_WARN_COMMA = YES;
				CLANG_WARN_CONSTANT_CONVERSION = YES;
				CLANG_WARN_DEPRECATED_OBJC_IMPLEMENTATIONS = YES;
				CLANG_WARN_DIRECT_OBJC_ISA_USAGE = YES_ERROR;
				CLANG_WARN_DOCUMENTATION_COMMENTS = YES;
				CLANG_WARN_EMPTY_BODY = YES;
				CLANG_WARN_ENUM_CONVERSION = YES;
				CLANG_WARN_INFINITE_RECURSION = YES;
				CLANG_WARN_INT_CONVERSION = YES;
				CLANG_WARN_NON_LITERAL_NULL_CONVERSION = YES;
				CLANG_WARN_OBJC_IMPLICIT_RETAIN_SELF = YES;
				CLANG_WARN_OBJC_LITERAL_CONVERSION = YES;
				CLANG_WARN_OBJC_ROOT_CLASS = YES_ERROR;
				CLANG_WARN_QUOTED_INCLUDE_IN_FRAMEWORK_HEADER = YES;
				CLANG_WARN_RANGE_LOOP_ANALYSIS = YES;
				CLANG_WARN_STRICT_PROTOTYPES = YES;
				CLANG_WARN_SUSPICIOUS_MOVE = YES;
				CLANG_WARN_UNGUARDED_AVAILABILITY = YES_AGGRESSIVE;
				CLANG_WARN_UNREACHABLE_CODE = YES;
				CLANG_WARN__DUPLICATE_METHOD_MATCH = YES;
				COPY_PHASE_STRIP = NO;
				DEBUG_INFORMATION_FORMAT = dwarf;
				ENABLE_STRICT_OBJC_MSGSEND = YES;
				ENABLE_TESTABILITY = YES;
				ENABLE_USER_SCRIPT_SANDBOXING = YES;
				GCC_C_LANGUAGE_STANDARD = gnu17;
				GCC_DYNAMIC_NO_PIC = NO;
				GCC_NO_COMMON_BLOCKS = YES;
				GCC_OPTIMIZATION_LEVEL = 0;
				GCC_PREPROCESSOR_DEFINITIONS = (
					"DEBUG=1",
					"$(inherited)",
				);
				GCC_WARN_64_TO_32_BIT_CONVERSION = YES;
				GCC_WARN_ABOUT_RETURN_TYPE = YES_ERROR;
				GCC_WARN_UNDECLARED_SELECTOR = YES;
				GCC_WARN_UNINITIALIZED_AUTOS = YES_AGGRESSIVE;
				GCC_WARN_UNUSED_FUNCTION = YES;
				GCC_WARN_UNUSED_VARIABLE = YES;
				IPHONEOS_DEPLOYMENT_TARGET = 17.0;
				LOCALIZATION_PREFERS_STRING_CATALOGS = YES;
				MTL_ENABLE_DEBUG_INFO = INCLUDE_SOURCE;
				MTL_FAST_MATH = YES;
				ONLY_ACTIVE_ARCH = YES;
				SDKROOT = iphoneos;
				SWIFT_ACTIVE_COMPILATION_CONDITIONS = "DEBUG $(inherited)";
				SWIFT_OPTIMIZATION_LEVEL = "-Onone";
			};
			name = Debug;
		};
		CE4A482A2AF12B87001CD19A /* Release */ = {
			isa = XCBuildConfiguration;
			buildSettings = {
				ALWAYS_SEARCH_USER_PATHS = NO;
				ASSETCATALOG_COMPILER_GENERATE_SWIFT_ASSET_SYMBOL_EXTENSIONS = YES;
				CLANG_ANALYZER_NONNULL = YES;
				CLANG_ANALYZER_NUMBER_OBJECT_CONVERSION = YES_AGGRESSIVE;
				CLANG_CXX_LANGUAGE_STANDARD = "gnu++20";
				CLANG_ENABLE_MODULES = YES;
				CLANG_ENABLE_OBJC_ARC = YES;
				CLANG_ENABLE_OBJC_WEAK = YES;
				CLANG_WARN_BLOCK_CAPTURE_AUTORELEASING = YES;
				CLANG_WARN_BOOL_CONVERSION = YES;
				CLANG_WARN_COMMA = YES;
				CLANG_WARN_CONSTANT_CONVERSION = YES;
				CLANG_WARN_DEPRECATED_OBJC_IMPLEMENTATIONS = YES;
				CLANG_WARN_DIRECT_OBJC_ISA_USAGE = YES_ERROR;
				CLANG_WARN_DOCUMENTATION_COMMENTS = YES;
				CLANG_WARN_EMPTY_BODY = YES;
				CLANG_WARN_ENUM_CONVERSION = YES;
				CLANG_WARN_INFINITE_RECURSION = YES;
				CLANG_WARN_INT_CONVERSION = YES;
				CLANG_WARN_NON_LITERAL_NULL_CONVERSION = YES;
				CLANG_WARN_OBJC_IMPLICIT_RETAIN_SELF = YES;
				CLANG_WARN_OBJC_LITERAL_CONVERSION = YES;
				CLANG_WARN_OBJC_ROOT_CLASS = YES_ERROR;
				CLANG_WARN_QUOTED_INCLUDE_IN_FRAMEWORK_HEADER = YES;
				CLANG_WARN_RANGE_LOOP_ANALYSIS = YES;
				CLANG_WARN_STRICT_PROTOTYPES = YES;
				CLANG_WARN_SUSPICIOUS_MOVE = YES;
				CLANG_WARN_UNGUARDED_AVAILABILITY = YES_AGGRESSIVE;
				CLANG_WARN_UNREACHABLE_CODE = YES;
				CLANG_WARN__DUPLICATE_METHOD_MATCH = YES;
				COPY_PHASE_STRIP = NO;
				DEBUG_INFORMATION_FORMAT = "dwarf-with-dsym";
				ENABLE_NS_ASSERTIONS = NO;
				ENABLE_STRICT_OBJC_MSGSEND = YES;
				ENABLE_USER_SCRIPT_SANDBOXING = YES;
				GCC_C_LANGUAGE_STANDARD = gnu17;
				GCC_NO_COMMON_BLOCKS = YES;
				GCC_WARN_64_TO_32_BIT_CONVERSION = YES;
				GCC_WARN_ABOUT_RETURN_TYPE = YES_ERROR;
				GCC_WARN_UNDECLARED_SELECTOR = YES;
				GCC_WARN_UNINITIALIZED_AUTOS = YES_AGGRESSIVE;
				GCC_WARN_UNUSED_FUNCTION = YES;
				GCC_WARN_UNUSED_VARIABLE = YES;
				IPHONEOS_DEPLOYMENT_TARGET = 17.0;
				LOCALIZATION_PREFERS_STRING_CATALOGS = YES;
				MTL_ENABLE_DEBUG_INFO = NO;
				MTL_FAST_MATH = YES;
				SDKROOT = iphoneos;
				SWIFT_COMPILATION_MODE = wholemodule;
				VALIDATE_PRODUCT = YES;
			};
			name = Release;
		};
		CE4A482C2AF12B87001CD19A /* Debug */ = {
			isa = XCBuildConfiguration;
			baseConfigurationReference = CEA6375B2B0CD06400CF3ADD /* API_Keys.xcconfig */;
			buildSettings = {
				ASSETCATALOG_COMPILER_APPICON_NAME = AppIcon;
				ASSETCATALOG_COMPILER_GLOBAL_ACCENT_COLOR_NAME = AccentColor;
				CODE_SIGN_STYLE = Automatic;
				CURRENT_PROJECT_VERSION = 1;
				DEVELOPMENT_TEAM = 669C25TBH6;
				GENERATE_INFOPLIST_FILE = YES;
				INFOPLIST_FILE = "Netflix clone/Info.plist";
				INFOPLIST_KEY_UIApplicationSupportsIndirectInputEvents = YES;
				INFOPLIST_KEY_UILaunchStoryboardName = LaunchScreen;
				INFOPLIST_KEY_UISupportedInterfaceOrientations_iPad = "UIInterfaceOrientationPortrait UIInterfaceOrientationPortraitUpsideDown UIInterfaceOrientationLandscapeLeft UIInterfaceOrientationLandscapeRight";
				INFOPLIST_KEY_UISupportedInterfaceOrientations_iPhone = "UIInterfaceOrientationPortrait UIInterfaceOrientationLandscapeLeft UIInterfaceOrientationLandscapeRight";
				LD_RUNPATH_SEARCH_PATHS = (
					"$(inherited)",
					"@executable_path/Frameworks",
				);
				MARKETING_VERSION = 1.0;
				PRODUCT_BUNDLE_IDENTIFIER = "com.tanishksahni.Netflix-clone";
				PRODUCT_NAME = "$(TARGET_NAME)";
				SWIFT_EMIT_LOC_STRINGS = YES;
				SWIFT_VERSION = 5.0;
				TARGETED_DEVICE_FAMILY = "1,2";
			};
			name = Debug;
		};
		CE4A482D2AF12B87001CD19A /* Release */ = {
			isa = XCBuildConfiguration;
			baseConfigurationReference = CEA6375B2B0CD06400CF3ADD /* API_Keys.xcconfig */;
			buildSettings = {
				ASSETCATALOG_COMPILER_APPICON_NAME = AppIcon;
				ASSETCATALOG_COMPILER_GLOBAL_ACCENT_COLOR_NAME = AccentColor;
				CODE_SIGN_STYLE = Automatic;
				CURRENT_PROJECT_VERSION = 1;
				DEVELOPMENT_TEAM = 669C25TBH6;
				GENERATE_INFOPLIST_FILE = YES;
				INFOPLIST_FILE = "Netflix clone/Info.plist";
				INFOPLIST_KEY_UIApplicationSupportsIndirectInputEvents = YES;
				INFOPLIST_KEY_UILaunchStoryboardName = LaunchScreen;
				INFOPLIST_KEY_UISupportedInterfaceOrientations_iPad = "UIInterfaceOrientationPortrait UIInterfaceOrientationPortraitUpsideDown UIInterfaceOrientationLandscapeLeft UIInterfaceOrientationLandscapeRight";
				INFOPLIST_KEY_UISupportedInterfaceOrientations_iPhone = "UIInterfaceOrientationPortrait UIInterfaceOrientationLandscapeLeft UIInterfaceOrientationLandscapeRight";
				LD_RUNPATH_SEARCH_PATHS = (
					"$(inherited)",
					"@executable_path/Frameworks",
				);
				MARKETING_VERSION = 1.0;
				PRODUCT_BUNDLE_IDENTIFIER = "com.tanishksahni.Netflix-clone";
				PRODUCT_NAME = "$(TARGET_NAME)";
				SWIFT_EMIT_LOC_STRINGS = YES;
				SWIFT_VERSION = 5.0;
				TARGETED_DEVICE_FAMILY = "1,2";
			};
			name = Release;
		};
/* End XCBuildConfiguration section */

/* Begin XCConfigurationList section */
		CE4A48122AF12B84001CD19A /* Build configuration list for PBXProject "Netflix clone" */ = {
			isa = XCConfigurationList;
			buildConfigurations = (
				CE4A48292AF12B87001CD19A /* Debug */,
				CE4A482A2AF12B87001CD19A /* Release */,
			);
			defaultConfigurationIsVisible = 0;
			defaultConfigurationName = Release;
		};
		CE4A482B2AF12B87001CD19A /* Build configuration list for PBXNativeTarget "Netflix clone" */ = {
			isa = XCConfigurationList;
			buildConfigurations = (
				CE4A482C2AF12B87001CD19A /* Debug */,
				CE4A482D2AF12B87001CD19A /* Release */,
			);
			defaultConfigurationIsVisible = 0;
			defaultConfigurationName = Release;
		};
/* End XCConfigurationList section */

/* Begin XCRemoteSwiftPackageReference section */
		CE9A057F2AF8F92100EB1278 /* XCRemoteSwiftPackageReference "SDWebImage" */ = {
			isa = XCRemoteSwiftPackageReference;
			repositoryURL = "https://github.com/SDWebImage/SDWebImage.git";
			requirement = {
				kind = upToNextMajorVersion;
				minimumVersion = 5.18.4;
			};
		};
/* End XCRemoteSwiftPackageReference section */

/* Begin XCSwiftPackageProductDependency section */
		CE9A05802AF8F92100EB1278 /* SDWebImage */ = {
			isa = XCSwiftPackageProductDependency;
			package = CE9A057F2AF8F92100EB1278 /* XCRemoteSwiftPackageReference "SDWebImage" */;
			productName = SDWebImage;
		};
		CE9A05822AF8F92100EB1278 /* SDWebImageMapKit */ = {
			isa = XCSwiftPackageProductDependency;
			package = CE9A057F2AF8F92100EB1278 /* XCRemoteSwiftPackageReference "SDWebImage" */;
			productName = SDWebImageMapKit;
		};
/* End XCSwiftPackageProductDependency section */
	};
	rootObject = CE4A480F2AF12B84001CD19A /* Project object */;
}
